
Microsoft Visual Studio Solution File, Format Version 12.00
# Visual Studio Version 17
VisualStudioVersion = 17.4.33020.496
MinimumVisualStudioVersion = 10.0.40219.1
Project("{9A19103F-16F7-4668-BE54-9A1E7A4F7556}") = "CinemaService", "CinemaService\CinemaService.csproj", "{F0DF4810-F487-45C5-86A4-27F99B6C5058}"
EndProject
Project("{E24C65DC-7377-472B-9ABA-BC803B73C61A}") = "CinemaVM", "CinemaVM\", "{42B79FF0-91A8-4E3A-852F-F3C9B6FAA1D8}"
	ProjectSection(WebsiteProperties) = preProject
		TargetFrameworkMoniker = ".NETFramework,Version%3Dv4.8"
		Debug.AspNetCompiler.VirtualPath = "/localhost_56103"
		Debug.AspNetCompiler.PhysicalPath = "CinemaVM\"
		Debug.AspNetCompiler.TargetPath = "PrecompiledWeb\localhost_56103\"
		Debug.AspNetCompiler.Updateable = "true"
		Debug.AspNetCompiler.ForceOverwrite = "true"
		Debug.AspNetCompiler.FixedNames = "false"
		Debug.AspNetCompiler.Debug = "True"
		Release.AspNetCompiler.VirtualPath = "/localhost_56103"
		Release.AspNetCompiler.PhysicalPath = "CinemaVM\"
		Release.AspNetCompiler.TargetPath = "PrecompiledWeb\localhost_56103\"
		Release.AspNetCompiler.Updateable = "true"
		Release.AspNetCompiler.ForceOverwrite = "true"
		Release.AspNetCompiler.FixedNames = "false"
		Release.AspNetCompiler.Debug = "False"
		VWDPort = "56103"
	EndProjectSection
EndProject
Global
	GlobalSection(SolutionConfigurationPlatforms) = preSolution
		Debug|Any CPU = Debug|Any CPU
		Release|Any CPU = Release|Any CPU
	EndGlobalSection
	GlobalSection(ProjectConfigurationPlatforms) = postSolution
		{F0DF4810-F487-45C5-86A4-27F99B6C5058}.Debug|Any CPU.ActiveCfg = Debug|Any CPU
		{F0DF4810-F487-45C5-86A4-27F99B6C5058}.Debug|Any CPU.Build.0 = Debug|Any CPU
		{F0DF4810-F487-45C5-86A4-27F99B6C5058}.Release|Any CPU.ActiveCfg = Release|Any CPU
		{F0DF4810-F487-45C5-86A4-27F99B6C5058}.Release|Any CPU.Build.0 = Release|Any CPU
		{42B79FF0-91A8-4E3A-852F-F3C9B6FAA1D8}.Debug|Any CPU.ActiveCfg = Debug|Any CPU
		{42B79FF0-91A8-4E3A-852F-F3C9B6FAA1D8}.Debug|Any CPU.Build.0 = Debug|Any CPU
		{42B79FF0-91A8-4E3A-852F-F3C9B6FAA1D8}.Release|Any CPU.ActiveCfg = Debug|Any CPU
		{42B79FF0-91A8-4E3A-852F-F3C9B6FAA1D8}.Release|Any CPU.Build.0 = Debug|Any CPU
	EndGlobalSection
	GlobalSection(SolutionProperties) = preSolution
		HideSolutionNode = FALSE
	EndGlobalSection
	GlobalSection(ExtensibilityGlobals) = postSolution
		SolutionGuid = {2F68EB1C-43ED-483B-8049-D9D237E728D2}
	EndGlobalSection
EndGlobal
